
Microsoft Visual Studio Solution File, Format Version 12.00
# Visual Studio Version 17
VisualStudioVersion = 17.5.002.0
MinimumVisualStudioVersion = 10.0.40219.1
Project("{9A19103F-16F7-4668-BE54-9A1E7A4F7556}") = "Example", "Example\Example.csproj", "{1D0D67A9-A246-4FFD-BCA4-EF427CB7F8BB}"
EndProject
Project("{9A19103F-16F7-4668-BE54-9A1E7A4F7556}") = "NhlClient", "NhlClient\NhlClient.csproj", "{5128F66D-5255-42BA-ABB3-922709EE0C57}"
EndProject
Global
	GlobalSection(SolutionConfigurationPlatforms) = preSolution
		Debug|Any CPU = Debug|Any CPU
		Release|Any CPU = Release|Any CPU
	EndGlobalSection
	GlobalSection(ProjectConfigurationPlatforms) = postSolution
		{1D0D67A9-A246-4FFD-BCA4-EF427CB7F8BB}.Debug|Any CPU.ActiveCfg = Debug|Any CPU
		{1D0D67A9-A246-4FFD-BCA4-EF427CB7F8BB}.Debug|Any CPU.Build.0 = Debug|Any CPU
		{1D0D67A9-A246-4FFD-BCA4-EF427CB7F8BB}.Release|Any CPU.ActiveCfg = Release|Any CPU
		{1D0D67A9-A246-4FFD-BCA4-EF427CB7F8BB}.Release|Any CPU.Build.0 = Release|Any CPU
		{5128F66D-5255-42BA-ABB3-922709EE0C57}.Debug|Any CPU.ActiveCfg = Debug|Any CPU
		{5128F66D-5255-42BA-ABB3-922709EE0C57}.Debug|Any CPU.Build.0 = Debug|Any CPU
		{5128F66D-5255-42BA-ABB3-922709EE0C57}.Release|Any CPU.ActiveCfg = Release|Any CPU
		{5128F66D-5255-42BA-ABB3-922709EE0C57}.Release|Any CPU.Build.0 = Release|Any CPU
	EndGlobalSection
	GlobalSection(SolutionProperties) = preSolution
		HideSolutionNode = FALSE
	EndGlobalSection
	GlobalSection(ExtensibilityGlobals) = postSolution
		SolutionGuid = {148BC173-6B4D-456D-9D81-4D737B894464}
	EndGlobalSection
EndGlobal
